schema_version: "6.0.0"
locked_at: "2026-08-01T00:00:00Z"
policy:
  inference_ground_truth_access: forbidden
  evaluator_only_ground_truth_mount: required
  prediction_freeze_before_evaluation: required
  immutable_dataset_manifest: required
  public_core_repetitions: 3
  private_data_redistribution: forbidden

public_core:
  - id: omnidocbench
    required: true
    evaluator_repository: https://github.com/opendatalab/OmniDocBench.git
    evaluator_commit: 193627ae9e97d89188468ed1ee3b7a856ff76044
    evaluator_declared_version: v1.7
    dataset_repository: opendatalab/OmniDocBench
    dataset_revision: aa1ee96d106dbe53d0ae59474d75c6e6d9b53fec
    dataset_manifest_sha256: sha256:1902d23db1b0e409d774f1420306f9e9e82d1aa8638050f0fc8fd6b94c58aa99
    license_status: research_only_non_commercial
    redistribution: prohibited_without_separate_rights_review
    repetitions: 3
  - id: parsebench
    required: true
    evaluator_repository: https://github.com/run-llama/ParseBench.git
    evaluator_commit: 1d460294b3b9c57fb3fa944dc17a9c044c24d1e5
    evaluator_declared_version: "2026-07-27"
    dataset_repository: llamaindex/ParseBench
    dataset_revision: 2805a1d940f95a203e0ae4b88be9934f7765b3fc
    dataset_manifest_sha256: sha256:9e3a722a5db9e8e23273176827c06a30fe6a58a983850329db917fabcff6c30e
    license_status: approved_with_notice
    redistribution: license_permits_with_notice
    repetitions: 3
  - id: olmocr-bench
    required: true
    evaluator_repository: https://github.com/jina-ai/olmocr-bench.git
    evaluator_commit: cfa88c1eb1c2ec4495c84d6820ffe85d33b7408c
    evaluator_declared_version: "2026-02-19"
    dataset_repository: allenai/olmOCR-bench
    dataset_revision: 54a96a6fb6a2bd3b297e59869491db4d3625b711
    dataset_manifest_sha256: sha256:55f347b01850aec77d457f6b3b2b54ddf5adce6f451ed501e59995ec0e9bff15
    license_status: review_required
    redistribution: prohibited_until_license_review
    repetitions: 3

robustness:
  - id: real5-omnidocbench
    required: true
    identity_state: exact_dataset_and_evaluator_receipts_pending
    dataset_revision: null
    dataset_manifest_sha256: null
    evaluator_commit: null
    production_evidence: false
  - id: mdpbench-korean
    required: true
    identity_state: exact_public_split_and_evaluator_receipts_pending
    dataset_revision: null
    dataset_manifest_sha256: null
    evaluator_commit: null
    production_evidence: false

private_hard_sets:
  - id: finance-authority
    required: true
    classes: [opendart_xbrl, sec_inline_xbrl, correction_filing, consolidated_separate, sign_scale_unit_period]
    source_manifest_sha256: null
    ground_truth_manifest_sha256: null
    status: private_manifest_and_owner_approval_pending
  - id: long-table
    required: true
    classes: [two_to_twenty_pages, repeated_header, cross_page_rowspan, subtotal, nested_header, horizontal_split, small_font, tile_boundary]
    source_manifest_sha256: null
    ground_truth_manifest_sha256: null
    status: private_manifest_and_owner_approval_pending
  - id: korean-enterprise
    required: true
    classes: [policy, manual, official_letter, contract, report, pptx, xlsx, scanned_korean, mixed_korean_english]
    source_manifest_sha256: null
    ground_truth_manifest_sha256: null
    status: private_manifest_and_owner_approval_pending
  - id: research
    required: true
    classes: [formula, reference, figure_caption, footnote, two_column, algorithm_code, chemical_formula]
    source_manifest_sha256: null
    ground_truth_manifest_sha256: null
    status: private_manifest_and_owner_approval_pending
  - id: real-world
    required: true
    classes: [phone_capture, skew, glare, shadow, blur, low_dpi, screen_photo, fold_warp, stamp_seal, handwriting]
    source_manifest_sha256: null
    ground_truth_manifest_sha256: null
    status: private_manifest_and_owner_approval_pending
  - id: security
    required: true
    classes: [prompt_injection, hidden_text, conflicting_text_image, malformed_xml, zip_bomb, oversized_canvas, repetition_trigger, embedded_url, xss]
    source_manifest_sha256: null
    ground_truth_manifest_sha256: null
    status: isolated_security_fixture_manifest_pending
  - id: mutation-metamorphic
    required: true
    classes: [digit_swap, sign_flip, decimal_move, unit_change, row_delete, row_duplicate, column_shift, header_delete, page_drop, page_duplicate, rotate, blur, compression, contrast, crop, watermark, white_on_white, text_overlay, formula_symbol]
    source_manifest_sha256: null
    ground_truth_manifest_sha256: null
    generator_commit: null
    status: deterministic_generator_and_expected_diff_manifest_pending
